
Microsoft Visual Studio Solution File, Format Version 12.00
# Visual Studio Version 17
VisualStudioVersion = 17.5.002.0
MinimumVisualStudioVersion = 10.0.40219.1
Project("{9A19103F-16F7-4668-BE54-9A1E7A4F7556}") = "AccountApplication", "AccountApplication.csproj", "{C8D689AC-20DC-4799-812C-F681ADB7FE90}"
EndProject
Global
	GlobalSection(SolutionConfigurationPlatforms) = preSolution
		Debug|Any CPU = Debug|Any CPU
		Release|Any CPU = Release|Any CPU
	EndGlobalSection
	GlobalSection(ProjectConfigurationPlatforms) = postSolution
		{C8D689AC-20DC-4799-812C-F681ADB7FE90}.Debug|Any CPU.ActiveCfg = Debug|Any CPU
		{C8D689AC-20DC-4799-812C-F681ADB7FE90}.Debug|Any CPU.Build.0 = Debug|Any CPU
		{C8D689AC-20DC-4799-812C-F681ADB7FE90}.Release|Any CPU.ActiveCfg = Release|Any CPU
		{C8D689AC-20DC-4799-812C-F681ADB7FE90}.Release|Any CPU.Build.0 = Release|Any CPU
	EndGlobalSection
	GlobalSection(SolutionProperties) = preSolution
		HideSolutionNode = FALSE
	EndGlobalSection
	GlobalSection(ExtensibilityGlobals) = postSolution
		SolutionGuid = {32DBAD9D-00A9-45C0-9F18-1FF3455701BD}
	EndGlobalSection
EndGlobal
